
Microsoft Visual Studio Solution File, Format Version 12.00
# Visual Studio Version 17
VisualStudioVersion = 17.14.36408.4 d17.14
MinimumVisualStudioVersion = 10.0.40219.1
Project("{FAE04EC0-301F-11D3-BF4B-00C04F79EFBC}") = "Trusses.Core", "Trusses.Core\Trusses.Core.csproj", "{FA8DE8B0-91FF-436C-BBB6-F8498CAC8BB5}"
EndProject
Project("{FAE04EC0-301F-11D3-BF4B-00C04F79EFBC}") = "Trusses.App", "Trusses.App\Trusses.App.csproj", "{338A3700-E074-40F6-986B-B46E668242FD}"
	ProjectSection(ProjectDependencies) = postProject
		{FA8DE8B0-91FF-436C-BBB6-F8498CAC8BB5} = {FA8DE8B0-91FF-436C-BBB6-F8498CAC8BB5}
	EndProjectSection
EndProject
Global
	GlobalSection(SolutionConfigurationPlatforms) = preSolution
		Debug|Any CPU = Debug|Any CPU
		Release|Any CPU = Release|Any CPU
	EndGlobalSection
	GlobalSection(ProjectConfigurationPlatforms) = postSolution
		{FA8DE8B0-91FF-436C-BBB6-F8498CAC8BB5}.Debug|Any CPU.ActiveCfg = Debug|Any CPU
		{FA8DE8B0-91FF-436C-BBB6-F8498CAC8BB5}.Debug|Any CPU.Build.0 = Debug|Any CPU
		{FA8DE8B0-91FF-436C-BBB6-F8498CAC8BB5}.Release|Any CPU.ActiveCfg = Release|Any CPU
		{FA8DE8B0-91FF-436C-BBB6-F8498CAC8BB5}.Release|Any CPU.Build.0 = Release|Any CPU
		{338A3700-E074-40F6-986B-B46E668242FD}.Debug|Any CPU.ActiveCfg = Debug|Any CPU
		{338A3700-E074-40F6-986B-B46E668242FD}.Debug|Any CPU.Build.0 = Debug|Any CPU
		{338A3700-E074-40F6-986B-B46E668242FD}.Release|Any CPU.ActiveCfg = Release|Any CPU
		{338A3700-E074-40F6-986B-B46E668242FD}.Release|Any CPU.Build.0 = Release|Any CPU
	EndGlobalSection
	GlobalSection(SolutionProperties) = preSolution
		HideSolutionNode = FALSE
	EndGlobalSection
	GlobalSection(ExtensibilityGlobals) = postSolution
		SolutionGuid = {F9BD9D29-D696-4FB6-82D5-4FA89D0CFFBA}
	EndGlobalSection
EndGlobal
